
Microsoft Visual Studio Solution File, Format Version 12.00
Project("{2150E333-8FDC-42A3-9474-1A3956D46DE8}") = ".paket", ".paket", "{2072E369-FCB8-4C86-9716-80542F22F36F}"
	ProjectSection(SolutionItems) = preProject
		paket.dependencies = paket.dependencies
	EndProjectSection
EndProject
Project("{FAE04EC0-301F-11D3-BF4B-00C04F79EFBC}") = "Domain", "Source\Domain\Domain.csproj", "{FADDD05C-445F-4F62-B0CB-7757160083C2}"
EndProject
Project("{FAE04EC0-301F-11D3-BF4B-00C04F79EFBC}") = "API", "Source\API\API.csproj", "{149E945A-556A-492D-AE3B-70A6FC0D7359}"
EndProject
Project("{2150E333-8FDC-42A3-9474-1A3956D46DE8}") = "docker", "docker", "{32AC56F6-1CE0-4B1F-9FEA-218DBED3AE43}"
	ProjectSection(SolutionItems) = preProject
		.dockerignore = .dockerignore
		docker-compose.yaml = docker-compose.yaml
	EndProjectSection
EndProject
Project("{FAE04EC0-301F-11D3-BF4B-00C04F79EFBC}") = "IntegrationTests", "Source\IntegrationTests\IntegrationTests.csproj", "{A9B77FF8-4EC6-4289-BC6F-607B42E5A01C}"
EndProject
Global
	GlobalSection(SolutionConfigurationPlatforms) = preSolution
		Debug|Any CPU = Debug|Any CPU
		Release|Any CPU = Release|Any CPU
	EndGlobalSection
	GlobalSection(ProjectConfigurationPlatforms) = postSolution
		{FADDD05C-445F-4F62-B0CB-7757160083C2}.Debug|Any CPU.ActiveCfg = Debug|Any CPU
		{FADDD05C-445F-4F62-B0CB-7757160083C2}.Debug|Any CPU.Build.0 = Debug|Any CPU
		{FADDD05C-445F-4F62-B0CB-7757160083C2}.Release|Any CPU.ActiveCfg = Release|Any CPU
		{FADDD05C-445F-4F62-B0CB-7757160083C2}.Release|Any CPU.Build.0 = Release|Any CPU
		{149E945A-556A-492D-AE3B-70A6FC0D7359}.Debug|Any CPU.ActiveCfg = Debug|Any CPU
		{149E945A-556A-492D-AE3B-70A6FC0D7359}.Debug|Any CPU.Build.0 = Debug|Any CPU
		{149E945A-556A-492D-AE3B-70A6FC0D7359}.Release|Any CPU.ActiveCfg = Release|Any CPU
		{149E945A-556A-492D-AE3B-70A6FC0D7359}.Release|Any CPU.Build.0 = Release|Any CPU
		{A9B77FF8-4EC6-4289-BC6F-607B42E5A01C}.Debug|Any CPU.ActiveCfg = Debug|Any CPU
		{A9B77FF8-4EC6-4289-BC6F-607B42E5A01C}.Debug|Any CPU.Build.0 = Debug|Any CPU
		{A9B77FF8-4EC6-4289-BC6F-607B42E5A01C}.Release|Any CPU.ActiveCfg = Release|Any CPU
		{A9B77FF8-4EC6-4289-BC6F-607B42E5A01C}.Release|Any CPU.Build.0 = Release|Any CPU
	EndGlobalSection
EndGlobal
